
Microsoft Visual Studio Solution File, Format Version 12.00
# Visual Studio Version 17
VisualStudioVersion = 17.1.32421.90
MinimumVisualStudioVersion = 10.0.40219.1
Project("{9A19103F-16F7-4668-BE54-9A1E7A4F7556}") = "RapidPayService.Domain", "RapidPayService.Domain\RapidPayService.Domain.csproj", "{FDE9E96F-8572-429B-A11B-6FA3E8A10249}"
EndProject
Project("{9A19103F-16F7-4668-BE54-9A1E7A4F7556}") = "RapidPayService.Persistence", "RapidPayService.Persistence\RapidPayService.Persistence.csproj", "{01CC2319-E079-4D60-9FF4-3471C19FDE9E}"
EndProject
Project("{9A19103F-16F7-4668-BE54-9A1E7A4F7556}") = "RapidPayService.Web", "RapidPayService.Web\RapidPayService.Web.csproj", "{6D4EF800-6BE7-4FC8-A827-51CEEC90A964}"
EndProject
Global
	GlobalSection(SolutionConfigurationPlatforms) = preSolution
		Debug|Any CPU = Debug|Any CPU
		Release|Any CPU = Release|Any CPU
	EndGlobalSection
	GlobalSection(ProjectConfigurationPlatforms) = postSolution
		{FDE9E96F-8572-429B-A11B-6FA3E8A10249}.Debug|Any CPU.ActiveCfg = Debug|Any CPU
		{FDE9E96F-8572-429B-A11B-6FA3E8A10249}.Debug|Any CPU.Build.0 = Debug|Any CPU
		{FDE9E96F-8572-429B-A11B-6FA3E8A10249}.Release|Any CPU.ActiveCfg = Release|Any CPU
		{FDE9E96F-8572-429B-A11B-6FA3E8A10249}.Release|Any CPU.Build.0 = Release|Any CPU
		{01CC2319-E079-4D60-9FF4-3471C19FDE9E}.Debug|Any CPU.ActiveCfg = Debug|Any CPU
		{01CC2319-E079-4D60-9FF4-3471C19FDE9E}.Debug|Any CPU.Build.0 = Debug|Any CPU
		{01CC2319-E079-4D60-9FF4-3471C19FDE9E}.Release|Any CPU.ActiveCfg = Release|Any CPU
		{01CC2319-E079-4D60-9FF4-3471C19FDE9E}.Release|Any CPU.Build.0 = Release|Any CPU
		{6D4EF800-6BE7-4FC8-A827-51CEEC90A964}.Debug|Any CPU.ActiveCfg = Debug|Any CPU
		{6D4EF800-6BE7-4FC8-A827-51CEEC90A964}.Debug|Any CPU.Build.0 = Debug|Any CPU
		{6D4EF800-6BE7-4FC8-A827-51CEEC90A964}.Release|Any CPU.ActiveCfg = Release|Any CPU
		{6D4EF800-6BE7-4FC8-A827-51CEEC90A964}.Release|Any CPU.Build.0 = Release|Any CPU
	EndGlobalSection
	GlobalSection(SolutionProperties) = preSolution
		HideSolutionNode = FALSE
	EndGlobalSection
	GlobalSection(ExtensibilityGlobals) = postSolution
		SolutionGuid = {D7B18A41-892E-4BAA-8DC2-76053FB455E2}
	EndGlobalSection
EndGlobal
